
Microsoft Visual Studio Solution File, Format Version 12.00
# Visual Studio Version 17
VisualStudioVersion = 17.14.36623.8
MinimumVisualStudioVersion = 10.0.40219.1
Project("{FAE04EC0-301F-11D3-BF4B-00C04F79EFBC}") = "QuizHub", "QuizHub\QuizHub.csproj", "{1DD71B3A-23CC-49B6-84D7-F77BE0197EBB}"
EndProject
Global
	GlobalSection(SolutionConfigurationPlatforms) = preSolution
		Debug|Any CPU = Debug|Any CPU
		Release|Any CPU = Release|Any CPU
	EndGlobalSection
	GlobalSection(ProjectConfigurationPlatforms) = postSolution
		{1DD71B3A-23CC-49B6-84D7-F77BE0197EBB}.Debug|Any CPU.ActiveCfg = Debug|Any CPU
		{1DD71B3A-23CC-49B6-84D7-F77BE0197EBB}.Debug|Any CPU.Build.0 = Debug|Any CPU
		{1DD71B3A-23CC-49B6-84D7-F77BE0197EBB}.Release|Any CPU.ActiveCfg = Release|Any CPU
		{1DD71B3A-23CC-49B6-84D7-F77BE0197EBB}.Release|Any CPU.Build.0 = Release|Any CPU
	EndGlobalSection
	GlobalSection(SolutionProperties) = preSolution
		HideSolutionNode = FALSE
	EndGlobalSection
	GlobalSection(ExtensibilityGlobals) = postSolution
		SolutionGuid = {292FF16D-40FD-48BD-8AAC-5BC1D3929362}
	EndGlobalSection
EndGlobal
